
Microsoft Visual Studio Solution File, Format Version 12.00
# Visual Studio Version 17
VisualStudioVersion = 17.1.32421.90
MinimumVisualStudioVersion = 10.0.40219.1
Project("{FAE04EC0-301F-11D3-BF4B-00C04F79EFBC}") = "Api", "Api\Api.csproj", "{D436B8EF-E379-4B7F-A8DD-733CC513B615}"
EndProject
Project("{FAE04EC0-301F-11D3-BF4B-00C04F79EFBC}") = "Data", "Data\Data.csproj", "{8B27FE57-4852-48EB-963B-10707D10C5D2}"
EndProject
Project("{FAE04EC0-301F-11D3-BF4B-00C04F79EFBC}") = "Model", "Model\Model.csproj", "{9141976B-9BF3-4715-821C-19AEA13CBE77}"
EndProject
Project("{FAE04EC0-301F-11D3-BF4B-00C04F79EFBC}") = "Service", "Service\Service.csproj", "{61C66C9E-A416-44F2-AB39-F72E5AAE8611}"
EndProject
Global
	GlobalSection(SolutionConfigurationPlatforms) = preSolution
		Debug|Any CPU = Debug|Any CPU
		Release|Any CPU = Release|Any CPU
	EndGlobalSection
	GlobalSection(ProjectConfigurationPlatforms) = postSolution
		{D436B8EF-E379-4B7F-A8DD-733CC513B615}.Debug|Any CPU.ActiveCfg = Debug|Any CPU
		{D436B8EF-E379-4B7F-A8DD-733CC513B615}.Debug|Any CPU.Build.0 = Debug|Any CPU
		{D436B8EF-E379-4B7F-A8DD-733CC513B615}.Release|Any CPU.ActiveCfg = Release|Any CPU
		{D436B8EF-E379-4B7F-A8DD-733CC513B615}.Release|Any CPU.Build.0 = Release|Any CPU
		{8B27FE57-4852-48EB-963B-10707D10C5D2}.Debug|Any CPU.ActiveCfg = Debug|Any CPU
		{8B27FE57-4852-48EB-963B-10707D10C5D2}.Debug|Any CPU.Build.0 = Debug|Any CPU
		{8B27FE57-4852-48EB-963B-10707D10C5D2}.Release|Any CPU.ActiveCfg = Release|Any CPU
		{8B27FE57-4852-48EB-963B-10707D10C5D2}.Release|Any CPU.Build.0 = Release|Any CPU
		{9141976B-9BF3-4715-821C-19AEA13CBE77}.Debug|Any CPU.ActiveCfg = Debug|Any CPU
		{9141976B-9BF3-4715-821C-19AEA13CBE77}.Debug|Any CPU.Build.0 = Debug|Any CPU
		{9141976B-9BF3-4715-821C-19AEA13CBE77}.Release|Any CPU.ActiveCfg = Release|Any CPU
		{9141976B-9BF3-4715-821C-19AEA13CBE77}.Release|Any CPU.Build.0 = Release|Any CPU
		{61C66C9E-A416-44F2-AB39-F72E5AAE8611}.Debug|Any CPU.ActiveCfg = Debug|Any CPU
		{61C66C9E-A416-44F2-AB39-F72E5AAE8611}.Debug|Any CPU.Build.0 = Debug|Any CPU
		{61C66C9E-A416-44F2-AB39-F72E5AAE8611}.Release|Any CPU.ActiveCfg = Release|Any CPU
		{61C66C9E-A416-44F2-AB39-F72E5AAE8611}.Release|Any CPU.Build.0 = Release|Any CPU
	EndGlobalSection
	GlobalSection(SolutionProperties) = preSolution
		HideSolutionNode = FALSE
	EndGlobalSection
	GlobalSection(ExtensibilityGlobals) = postSolution
		SolutionGuid = {BFF36C58-24EA-4078-B961-37FA82906D14}
	EndGlobalSection
EndGlobal
